cloudeng.io/algo v0.0.0-20250617002154-600c679fa0ee h1:te7HMWHzOU9xpWR1wjFZwdA346OUk/yxoKfKo0AIdkM=
cloudeng.io/algo v0.0.0-20250617002154-600c679fa0ee/go.mod h1:UZ8vyc4kEQUKOdaj5K0KfFZjUbSguHKBTEkhzA17zmw=
cloudeng.io/algo v0.0.0-20250621192417-fa05583a5f26 h1:ohGd2azFoaTkTx/D5FtVgpu1evj05qubeoGmle8FfOg=
cloudeng.io/algo v0.0.0-20250621192417-fa05583a5f26/go.mod h1:UZ8vyc4kEQUKOdaj5K0KfFZjUbSguHKBTEkhzA17zmw=
cloudeng.io/cmdutil v0.0.0-20250617002154-600c679fa0ee h1:O2fEN3KZZvHUtmASmc3xjkGmUt0VmADp1RaP6Ak5bqc=
cloudeng.io/cmdutil v0.0.0-20250617002154-600c679fa0ee/go.mod h1:DPmPt2BHWbkbVQ96AwvESlACDFHncHvXNqdFs0/e/68=
cloudeng.io/errors v0.0.8/go.mod h1:xWamLL6tn3roKI6MRRFkw1jUkJL9s7CJzFYfaxuhHZk=
cloudeng.io/errors v0.0.12 h1:yrEEm5tPWMIhY4rFvsM+7fb2GyZ1euciYsU2LQkjYr8=
cloudeng.io/errors v0.0.12/go.mod h1:+IAMDlCNxHDxlWE9vjkPxED0d7Wzt7Nl3REebuCO4m8=
cloudeng.io/file v0.0.0-20250617002154-600c679fa0ee h1:uYumO4vR/vddKPRaOU9O0hmwq4ZxxjLSSabRy6nbmM4=
cloudeng.io/file v0.0.0-20250617002154-600c679fa0ee/go.mod h1:LscrGQUke6ylXvoannUyMjb+g38kywdu9rIC3X6VNfs=
cloudeng.io/logging v0.0.0-20250617002154-600c679fa0ee h1:oFyUvWwis1KVtGe4JeReSqN2ZpeHffFw3bHZPlIvepc=
cloudeng.io/logging v0.0.0-20250617002154-600c679fa0ee/go.mod h1:D0TUs3Aiwa1c7xI/TE7JITYnICck34r6DR5twakJjIs=
cloudeng.io/net v0.0.0-20250617002154-600c679fa0ee h1:xvcYRJCEQXmd6YxaYYVMAWhw7uR6CBFNAlehYDoKLLU=
cloudeng.io/net v0.0.0-20250617002154-600c679fa0ee/go.mod h1:CrF7w5zZ0CrCNtuomTbK4IXiz5cXrLrx9FdcsZmSiTM=
cloudeng.io/sync v0.0.8 h1:N8o5Qo5sjxwDktWIW/7rfK14O74jGS3pprefjF3EFKA=
cloudeng.io/sync v0.0.8/go.mod h1:76qdZzMQSN+iPeQxY9MSbnSELKQmcd9E6pnfRgWgN8s=
cloudeng.io/sys v0.0.0-20250617002154-600c679fa0ee h1:7uYAnCfzff+abOQRnw3x7/GUxR6zAsmOpC9lWKfozrA=
cloudeng.io/sys v0.0.0-20250617002154-600c679fa0ee/go.mod h1:3vhPQ7lOprxJJPlXk115Xgqsq7IFSoOyirpdYrmP9fU=
cloudeng.io/text v0.0.11 h1:q3+p3gxwNdr/V+k4+77fj9QxVpUU8G7B4+v26m+sE8I=
cloudeng.io/text v0.0.11/go.mod h1:99L3CQ55YhUy2+lHlFPowYyCoXO86fmkvNtcMT2X3GU=
github.com/VividCortex/ewma v1.2.0 h1:f58SaIzcDXrSy3kWaHNvuJgJ3Nmz59Zji6XoJR/q1ow=
github.com/VividCortex/ewma v1.2.0/go.mod h1:nz4BbCtbLyFDeC9SUHbtcT5644juEuWfUAUnGx7j5l4=
github.com/acarl005/stripansi v0.0.0-20180116102854-5a71ef0e047d h1:licZJFw2RwpHMqeKTCYkitsPqHNxTmd4SNR5r94FGM8=
github.com/acarl005/stripansi v0.0.0-20180116102854-5a71ef0e047d/go.mod h1:asat636LX7Bqt5lYEZ27JNDcqxfjdBQuJ/MM4CN/Lzo=
github.com/aws/aws-sdk-go-v2 v1.36.4 h1:GySzjhVvx0ERP6eyfAbAuAXLtAda5TEy19E5q5W8I9E=
github.com/aws/aws-sdk-go-v2 v1.36.4/go.mod h1:LLXuLpgzEbD766Z5ECcRmi8AzSwfZItDtmABVkRLGzg=
github.com/aws/aws-sdk-go-v2/service/s3 v1.80.2 h1:T6Wu+8E2LeTUqzqQ/Bh1EoFNj1u4jUyveMgmTlu9fDU=
github.com/aws/aws-sdk-go-v2/service/s3 v1.80.2/go.mod h1:chSY8zfqmS0OnhZoO/hpPx/BHfAIL80m77HwhRLYScY=
github.com/aws/smithy-go v1.22.4 h1:uqXzVZNuNexwc/xrh6Tb56u89WDlJY6HS+KC0S4QSjw=
github.com/aws/smithy-go v1.22.4/go.mod h1:t1ufH5HMublsJYulve2RKmHDC15xu1f26kHCp/HgceI=
github.com/mattn/go-runewidth v0.0.16 h1:E5ScNMtiwvlvB5paMFdw9p4kSQzbXFikJ5SQO6TULQc=
github.com/mattn/go-runewidth v0.0.16/go.mod h1:Jdepj2loyihRzMpdS35Xk/zdY8IAYHsh153qUoGf23w=
github.com/rivo/uniseg v0.2.0/go.mod h1:J6wj4VEh+S6ZtnVlnTBMWIodfgj8LQOQFoIToxlJtxc=
github.com/rivo/uniseg v0.4.7 h1:WUdvkW8uEhrYfLC4ZzdpI2ztxP1I582+49Oc5Mq64VQ=
github.com/rivo/uniseg v0.4.7/go.mod h1:FN3SvrM+Zdj16jyLfmOkMNblXMcoc8DfTHruCPUcx88=
github.com/vbauerster/mpb/v8 v8.10.2 h1:2uBykSHAYHekE11YvJhKxYmLATKHAGorZwFlyNw4hHM=
github.com/vbauerster/mpb/v8 v8.10.2/go.mod h1:+Ja4P92E3/CorSZgfDtK46D7AVbDqmBQRTmyTqPElo0=
golang.org/x/sys v0.33.0 h1:q3i8TbbEz+JRD9ywIRlyRAQbM0qF7hu24q3teo2hbuw=
golang.org/x/sys v0.33.0/go.mod h1:BJP2sWEmIv4KK5OTEluFJCKSidICx8ciO85XgH3Ak8k=
gopkg.in/check.v1 v0.0.0-20161208181325-20d25e280405/go.mod h1:Co6ibVJAznAaIkqp8huTwlJQCZ016jof/cbN4VW5Yz0=
gopkg.in/yaml.v3 v3.0.1 h1:fxVm/GzAzEWqLHuvctI91KS9hhNmmWOoWu0XTYJS7CA=
gopkg.in/yaml.v3 v3.0.1/go.mod h1:K4uyk7z7BCEPqu6E+C64Yfv1cQ7kz7rIZviUmN+EgEM=
